GITHUBTARBALL
  remote: bd808/puppet-boxen
  specs:
    boxen (3.0.3)

GITHUBTARBALL
  remote: bd808/puppet-geektool
  specs:
    geektool (1.0.0)

GITHUBTARBALL
  remote: bd808/puppet-git
  specs:
    git (1.8.3)

GITHUBTARBALL
  remote: bd808/puppet-growl
  specs:
    growl (1.2.2)

GITHUBTARBALL
  remote: bd808/puppet-homebrew
  specs:
    homebrew (1.4.6)

GITHUBTARBALL
  remote: bd808/puppet-monolingual
  specs:
    monolingual (1.5.7)

GITHUBTARBALL
  remote: bd808/puppet-osx
  specs:
    osx (1.0.6)

GITHUBTARBALL
  remote: bd808/puppet-slimbatterymonitor
  specs:
    slimbatterymonitor (1.0.0)

GITHUBTARBALL
  remote: boxen/puppet-chrome
  specs:
    chrome (1.1.1)

GITHUBTARBALL
  remote: boxen/puppet-dnsmasq
  specs:
    dnsmasq (1.0.0)

GITHUBTARBALL
  remote: boxen/puppet-dropbox
  specs:
    dropbox (1.1.1)

GITHUBTARBALL
  remote: boxen/puppet-firefox
  specs:
    firefox (1.1.1)

GITHUBTARBALL
  remote: boxen/puppet-gimp
  specs:
    gimp (1.0.0)

GITHUBTARBALL
  remote: boxen/puppet-googledrive
  specs:
    googledrive (1.0.2)

GITHUBTARBALL
  remote: boxen/puppet-heroku
  specs:
    heroku (2.0.0)

GITHUBTARBALL
  remote: boxen/puppet-inkscape
  specs:
    inkscape (1.0.3)

GITHUBTARBALL
  remote: boxen/puppet-iterm2
  specs:
    iterm2 (1.0.3)

GITHUBTARBALL
  remote: boxen/puppet-keepassx
  specs:
    keepassx (1.0.0)

GITHUBTARBALL
  remote: boxen/puppet-libreoffice
  specs:
    libreoffice (4.1.0)

GITHUBTARBALL
  remote: boxen/puppet-omnigraffle
  specs:
    omnigraffle (1.2.0)

GITHUBTARBALL
  remote: boxen/puppet-onyx
  specs:
    onyx (1.0.1)

GITHUBTARBALL
  remote: boxen/puppet-openssl
  specs:
    openssl (1.0.0)

GITHUBTARBALL
  remote: boxen/puppet-property_list_key
  specs:
    property_list_key (0.1.0)

GITHUBTARBALL
  remote: boxen/puppet-repository
  specs:
    repository (2.2.0)

GITHUBTARBALL
  remote: boxen/puppet-secondbar
  specs:
    secondbar (1.0.1)

GITHUBTARBALL
  remote: boxen/puppet-skype
  specs:
    skype (1.0.4)

GITHUBTARBALL
  remote: boxen/puppet-slate
  specs:
    slate (1.0.0)

GITHUBTARBALL
  remote: boxen/puppet-sudo
  specs:
    sudo (1.0.0)

GITHUBTARBALL
  remote: boxen/puppet-thunderbird
  specs:
    thunderbird (1.0.1)

GITHUBTARBALL
  remote: boxen/puppet-vagrant
  specs:
    vagrant (2.0.10)

GITHUBTARBALL
  remote: boxen/puppet-virtualbox
  specs:
    virtualbox (1.0.5)

GITHUBTARBALL
  remote: boxen/puppet-vlc
  specs:
    vlc (1.0.4)

GITHUBTARBALL
  remote: boxen/puppet-xquartz
  specs:
    xquartz (1.1.0)

GITHUBTARBALL
  remote: dieterdemeyer/puppet-adium
  specs:
    adium (1.1.1)

GITHUBTARBALL
  remote: grahamgilbert/puppet-dockutil
  specs:
    dockutil (0.1.2)

GITHUBTARBALL
  remote: lucadegasperi/puppet-bettertouchtool
  specs:
    bettertouchtool (1.0.0)

GITHUBTARBALL
  remote: puppetlabs/puppetlabs-inifile
  specs:
    inifile (1.0.0)

GITHUBTARBALL
  remote: puppetlabs/puppetlabs-stdlib
  specs:
    stdlib (4.1.0)

DEPENDENCIES
  adium (= 1.1.1)
  bettertouchtool (= 1.0.0)
  boxen (= 3.0.3)
  chrome (= 1.1.1)
  dnsmasq (= 1.0.0)
  dockutil (= 0.1.2)
  dropbox (= 1.1.1)
  firefox (= 1.1.1)
  geektool (= 1.0.0)
  gimp (= 1.0.0)
  git (= 1.8.3)
  googledrive (= 1.0.2)
  growl (= 1.2.2)
  heroku (= 2.0.0)
  homebrew (= 1.4.6)
  inifile (= 1.0.0)
  inkscape (= 1.0.3)
  iterm2 (= 1.0.3)
  keepassx (= 1.0.0)
  libreoffice (= 4.1.0)
  monolingual (= 1.5.7)
  omnigraffle (= 1.2.0)
  onyx (= 1.0.1)
  openssl (= 1.0.0)
  osx (= 1.0.6)
  property_list_key (= 0.1.0)
  repository (= 2.2.0)
  secondbar (= 1.0.1)
  skype (= 1.0.4)
  slate (= 1.0.0)
  slimbatterymonitor (= 1.0.0)
  stdlib (= 4.1.0)
  sudo (= 1.0.0)
  thunderbird (= 1.0.1)
  vagrant (= 2.0.10)
  virtualbox (= 1.0.5)
  vlc (= 1.0.4)
  xquartz (= 1.1.0)

